
Microsoft Visual Studio Solution File, Format Version 12.00
# Visual Studio Version 17
VisualStudioVersion = 17.4.33205.214
MinimumVisualStudioVersion = 10.0.40219.1
Project("{FAE04EC0-301F-11D3-BF4B-00C04F79EFBC}") = "LineComparisonProblem", "LineComparisonProblem.csproj", "{208BF8B8-D330-4DA7-9B09-299DD7064B32}"
EndProject
Global
	GlobalSection(SolutionConfigurationPlatforms) = preSolution
		Debug|Any CPU = Debug|Any CPU
		Release|Any CPU = Release|Any CPU
	EndGlobalSection
	GlobalSection(ProjectConfigurationPlatforms) = postSolution
		{208BF8B8-D330-4DA7-9B09-299DD7064B32}.Debug|Any CPU.ActiveCfg = Debug|Any CPU
		{208BF8B8-D330-4DA7-9B09-299DD7064B32}.Debug|Any CPU.Build.0 = Debug|Any CPU
		{208BF8B8-D330-4DA7-9B09-299DD7064B32}.Release|Any CPU.ActiveCfg = Release|Any CPU
		{208BF8B8-D330-4DA7-9B09-299DD7064B32}.Release|Any CPU.Build.0 = Release|Any CPU
	EndGlobalSection
	GlobalSection(SolutionProperties) = preSolution
		HideSolutionNode = FALSE
	EndGlobalSection
	GlobalSection(ExtensibilityGlobals) = postSolution
		SolutionGuid = {B266DB03-3D21-474A-94FF-F2114423F380}
	EndGlobalSection
EndGlobal
